
Microsoft Visual Studio Solution File, Format Version 12.00
# Visual Studio Version 16
VisualStudioVersion = 16.0.29418.71
MinimumVisualStudioVersion = 10.0.40219.1
Project("{FAE04EC0-301F-11D3-BF4B-00C04F79EFBC}") = "DemoCarLoan2", "DemoCarLoan2\DemoCarLoan2.csproj", "{1A3F8C3C-3301-49CC-B4FE-075AE3F121E4}"
EndProject
Global
	GlobalSection(SolutionConfigurationPlatforms) = preSolution
		Debug|Any CPU = Debug|Any CPU
		Release|Any CPU = Release|Any CPU
	EndGlobalSection
	GlobalSection(ProjectConfigurationPlatforms) = postSolution
		{1A3F8C3C-3301-49CC-B4FE-075AE3F121E4}.Debug|Any CPU.ActiveCfg = Debug|Any CPU
		{1A3F8C3C-3301-49CC-B4FE-075AE3F121E4}.Debug|Any CPU.Build.0 = Debug|Any CPU
		{1A3F8C3C-3301-49CC-B4FE-075AE3F121E4}.Release|Any CPU.ActiveCfg = Release|Any CPU
		{1A3F8C3C-3301-49CC-B4FE-075AE3F121E4}.Release|Any CPU.Build.0 = Release|Any CPU
	EndGlobalSection
	GlobalSection(SolutionProperties) = preSolution
		HideSolutionNode = FALSE
	EndGlobalSection
	GlobalSection(ExtensibilityGlobals) = postSolution
		SolutionGuid = {37BEEB79-D3EE-4164-93CE-81A8347AF5E6}
	EndGlobalSection
EndGlobal
